
Microsoft Visual Studio Solution File, Format Version 12.00
Project("{FAE04EC0-301F-11D3-BF4B-00C04F79EFBC}") = "Descuentor.Dominio", "Descuentor.Dominio\Descuentor.Dominio.csproj", "{6E23B820-2C13-4DAB-8D83-6FA1EAAA843B}"
EndProject
Project("{FAE04EC0-301F-11D3-BF4B-00C04F79EFBC}") = "Descuentor.Aplicacion", "Descuentor.Aplicacion\Descuentor.Aplicacion.csproj", "{449D7992-FD80-4B12-84B8-3BF94E19B392}"
	ProjectSection(ProjectDependencies) = postProject
		{6E23B820-2C13-4DAB-8D83-6FA1EAAA843B} = {6E23B820-2C13-4DAB-8D83-6FA1EAAA843B}
	EndProjectSection
EndProject
Project("{FAE04EC0-301F-11D3-BF4B-00C04F79EFBC}") = "Descuentor.Infraestructura", "Descuentor.Infraestructura\Descuentor.Infraestructura.csproj", "{AAE8781E-C6CF-4D05-8366-38368ABC67D4}"
	ProjectSection(ProjectDependencies) = postProject
		{449D7992-FD80-4B12-84B8-3BF94E19B392} = {449D7992-FD80-4B12-84B8-3BF94E19B392}
	EndProjectSection
EndProject
Project("{FAE04EC0-301F-11D3-BF4B-00C04F79EFBC}") = "Descuentor.API", "Descuentor.API\Descuentor.API.csproj", "{B6F70E67-283A-4B17-8CDF-42ED77AA3A1C}"
	ProjectSection(ProjectDependencies) = postProject
		{449D7992-FD80-4B12-84B8-3BF94E19B392} = {449D7992-FD80-4B12-84B8-3BF94E19B392}
		{6E23B820-2C13-4DAB-8D83-6FA1EAAA843B} = {6E23B820-2C13-4DAB-8D83-6FA1EAAA843B}
		{AAE8781E-C6CF-4D05-8366-38368ABC67D4} = {AAE8781E-C6CF-4D05-8366-38368ABC67D4}
	EndProjectSection
EndProject
Project("{FAE04EC0-301F-11D3-BF4B-00C04F79EFBC}") = "Descuentor.Web", "Descuentor.Web\Descuentor.Web.csproj", "{C74F4AF3-9255-4910-81A8-34D008FB39C8}"
	ProjectSection(ProjectDependencies) = postProject
		{449D7992-FD80-4B12-84B8-3BF94E19B392} = {449D7992-FD80-4B12-84B8-3BF94E19B392}
		{6E23B820-2C13-4DAB-8D83-6FA1EAAA843B} = {6E23B820-2C13-4DAB-8D83-6FA1EAAA843B}
		{AAE8781E-C6CF-4D05-8366-38368ABC67D4} = {AAE8781E-C6CF-4D05-8366-38368ABC67D4}
	EndProjectSection
EndProject
Project("{FAE04EC0-301F-11D3-BF4B-00C04F79EFBC}") = "BlazorApp1", "BlazorApp1\BlazorApp1.csproj", "{E573192B-CF62-45F4-9E36-81564653B535}"
EndProject
Project("{FAE04EC0-301F-11D3-BF4B-00C04F79EFBC}") = "Descuentor.WebAssembly", "Descuentor.WebAssembly\Descuentor.WebAssembly.csproj", "{D3CA89D5-6812-4F3F-AC0A-B448493376B1}"
EndProject
Global
	GlobalSection(SolutionConfigurationPlatforms) = preSolution
		Debug|Any CPU = Debug|Any CPU
		Release|Any CPU = Release|Any CPU
	EndGlobalSection
	GlobalSection(ProjectConfigurationPlatforms) = postSolution
		{6E23B820-2C13-4DAB-8D83-6FA1EAAA843B}.Debug|Any CPU.ActiveCfg = Debug|Any CPU
		{6E23B820-2C13-4DAB-8D83-6FA1EAAA843B}.Debug|Any CPU.Build.0 = Debug|Any CPU
		{6E23B820-2C13-4DAB-8D83-6FA1EAAA843B}.Release|Any CPU.ActiveCfg = Release|Any CPU
		{6E23B820-2C13-4DAB-8D83-6FA1EAAA843B}.Release|Any CPU.Build.0 = Release|Any CPU
		{449D7992-FD80-4B12-84B8-3BF94E19B392}.Debug|Any CPU.ActiveCfg = Debug|Any CPU
		{449D7992-FD80-4B12-84B8-3BF94E19B392}.Debug|Any CPU.Build.0 = Debug|Any CPU
		{449D7992-FD80-4B12-84B8-3BF94E19B392}.Release|Any CPU.ActiveCfg = Release|Any CPU
		{449D7992-FD80-4B12-84B8-3BF94E19B392}.Release|Any CPU.Build.0 = Release|Any CPU
		{AAE8781E-C6CF-4D05-8366-38368ABC67D4}.Debug|Any CPU.ActiveCfg = Debug|Any CPU
		{AAE8781E-C6CF-4D05-8366-38368ABC67D4}.Debug|Any CPU.Build.0 = Debug|Any CPU
		{AAE8781E-C6CF-4D05-8366-38368ABC67D4}.Release|Any CPU.ActiveCfg = Release|Any CPU
		{AAE8781E-C6CF-4D05-8366-38368ABC67D4}.Release|Any CPU.Build.0 = Release|Any CPU
		{B6F70E67-283A-4B17-8CDF-42ED77AA3A1C}.Debug|Any CPU.ActiveCfg = Debug|Any CPU
		{B6F70E67-283A-4B17-8CDF-42ED77AA3A1C}.Debug|Any CPU.Build.0 = Debug|Any CPU
		{B6F70E67-283A-4B17-8CDF-42ED77AA3A1C}.Release|Any CPU.ActiveCfg = Release|Any CPU
		{B6F70E67-283A-4B17-8CDF-42ED77AA3A1C}.Release|Any CPU.Build.0 = Release|Any CPU
		{C74F4AF3-9255-4910-81A8-34D008FB39C8}.Debug|Any CPU.ActiveCfg = Debug|Any CPU
		{C74F4AF3-9255-4910-81A8-34D008FB39C8}.Debug|Any CPU.Build.0 = Debug|Any CPU
		{C74F4AF3-9255-4910-81A8-34D008FB39C8}.Release|Any CPU.ActiveCfg = Release|Any CPU
		{C74F4AF3-9255-4910-81A8-34D008FB39C8}.Release|Any CPU.Build.0 = Release|Any CPU
		{E573192B-CF62-45F4-9E36-81564653B535}.Debug|Any CPU.ActiveCfg = Debug|Any CPU
		{E573192B-CF62-45F4-9E36-81564653B535}.Debug|Any CPU.Build.0 = Debug|Any CPU
		{E573192B-CF62-45F4-9E36-81564653B535}.Release|Any CPU.ActiveCfg = Release|Any CPU
		{E573192B-CF62-45F4-9E36-81564653B535}.Release|Any CPU.Build.0 = Release|Any CPU
		{D3CA89D5-6812-4F3F-AC0A-B448493376B1}.Debug|Any CPU.ActiveCfg = Debug|Any CPU
		{D3CA89D5-6812-4F3F-AC0A-B448493376B1}.Debug|Any CPU.Build.0 = Debug|Any CPU
		{D3CA89D5-6812-4F3F-AC0A-B448493376B1}.Release|Any CPU.ActiveCfg = Release|Any CPU
		{D3CA89D5-6812-4F3F-AC0A-B448493376B1}.Release|Any CPU.Build.0 = Release|Any CPU
	EndGlobalSection
EndGlobal
