
Microsoft Visual Studio Solution File, Format Version 12.00
Project("{FAE04EC0-301F-11D3-BF4B-00C04F79EFBC}") = "Descuentor.Dominio", "Descuentor.Dominio\Descuentor.Dominio.csproj", "{6E23B820-2C13-4DAB-8D83-6FA1EAAA843B}"
EndProject
Project("{FAE04EC0-301F-11D3-BF4B-00C04F79EFBC}") = "Descuentor.Aplicacion", "Descuentor.Aplicacion\Descuentor.Aplicacion.csproj", "{449D7992-FD80-4B12-84B8-3BF94E19B392}"
	ProjectSection(ProjectDependencies) = postProject
		{6E23B820-2C13-4DAB-8D83-6FA1EAAA843B} = {6E23B820-2C13-4DAB-8D83-6FA1EAAA843B}
	EndProjectSection
EndProject
Project("{FAE04EC0-301F-11D3-BF4B-00C04F79EFBC}") = "Descuentor.Infraestructura", "Descuentor.Infraestructura\Descuentor.Infraestructura.csproj", "{AAE8781E-C6CF-4D05-8366-38368ABC67D4}"
	ProjectSection(ProjectDependencies) = postProject
		{449D7992-FD80-4B12-84B8-3BF94E19B392} = {449D7992-FD80-4B12-84B8-3BF94E19B392}
	EndProjectSection
EndProject
Project("{FAE04EC0-301F-11D3-BF4B-00C04F79EFBC}") = "Descuentor.API", "Descuentor.API\Descuentor.API.csproj", "{B6F70E67-283A-4B17-8CDF-42ED77AA3A1C}"
	ProjectSection(ProjectDependencies) = postProject
		{449D7992-FD80-4B12-84B8-3BF94E19B392} = {449D7992-FD80-4B12-84B8-3BF94E19B392}
		{6E23B820-2C13-4DAB-8D83-6FA1EAAA843B} = {6E23B820-2C13-4DAB-8D83-6FA1EAAA843B}
		{AAE8781E-C6CF-4D05-8366-38368ABC67D4} = {AAE8781E-C6CF-4D05-8366-38368ABC67D4}
	EndProjectSection
EndProject
Project("{FAE04EC0-301F-11D3-BF4B-00C04F79EFBC}") = "Descuentor.WebAssembly", "Descuentor.WebAssembly\Descuentor.WebAssembly.csproj", "{D3CA89D5-6812-4F3F-AC0A-B448493376B1}"
EndProject
Project("{FAE04EC0-301F-11D3-BF4B-00C04F79EFBC}") = "Descuentor.Shared", "Descuentor.Shared\Descuentor.Shared.csproj", "{72BC9BD1-B4FF-4CC2-A0EA-25C7DECC5086}"
EndProject
Project("{FAE04EC0-301F-11D3-BF4B-00C04F79EFBC}") = "Descuentor.Tests", "Descuentor.Tests\Descuentor.Tests.csproj", "{7F722D45-937B-4901-A730-851BEE2605D4}"
EndProject
Project("{2150E333-8FDC-42A3-9474-1A3956D46DE8}") = "Solution Items", "Solution Items", "{282985D0-93E4-4969-8365-A18146121298}"
	ProjectSection(SolutionItems) = preProject
		docker-compose.yaml = docker-compose.yaml
	EndProjectSection
EndProject
Global
	GlobalSection(SolutionConfigurationPlatforms) = preSolution
		Debug|Any CPU = Debug|Any CPU
		Release|Any CPU = Release|Any CPU
	EndGlobalSection
	GlobalSection(ProjectConfigurationPlatforms) = postSolution
		{6E23B820-2C13-4DAB-8D83-6FA1EAAA843B}.Debug|Any CPU.ActiveCfg = Debug|Any CPU
		{6E23B820-2C13-4DAB-8D83-6FA1EAAA843B}.Debug|Any CPU.Build.0 = Debug|Any CPU
		{6E23B820-2C13-4DAB-8D83-6FA1EAAA843B}.Release|Any CPU.ActiveCfg = Release|Any CPU
		{6E23B820-2C13-4DAB-8D83-6FA1EAAA843B}.Release|Any CPU.Build.0 = Release|Any CPU
		{449D7992-FD80-4B12-84B8-3BF94E19B392}.Debug|Any CPU.ActiveCfg = Debug|Any CPU
		{449D7992-FD80-4B12-84B8-3BF94E19B392}.Debug|Any CPU.Build.0 = Debug|Any CPU
		{449D7992-FD80-4B12-84B8-3BF94E19B392}.Release|Any CPU.ActiveCfg = Release|Any CPU
		{449D7992-FD80-4B12-84B8-3BF94E19B392}.Release|Any CPU.Build.0 = Release|Any CPU
		{AAE8781E-C6CF-4D05-8366-38368ABC67D4}.Debug|Any CPU.ActiveCfg = Debug|Any CPU
		{AAE8781E-C6CF-4D05-8366-38368ABC67D4}.Debug|Any CPU.Build.0 = Debug|Any CPU
		{AAE8781E-C6CF-4D05-8366-38368ABC67D4}.Release|Any CPU.ActiveCfg = Release|Any CPU
		{AAE8781E-C6CF-4D05-8366-38368ABC67D4}.Release|Any CPU.Build.0 = Release|Any CPU
		{B6F70E67-283A-4B17-8CDF-42ED77AA3A1C}.Debug|Any CPU.ActiveCfg = Debug|Any CPU
		{B6F70E67-283A-4B17-8CDF-42ED77AA3A1C}.Debug|Any CPU.Build.0 = Debug|Any CPU
		{B6F70E67-283A-4B17-8CDF-42ED77AA3A1C}.Release|Any CPU.ActiveCfg = Release|Any CPU
		{B6F70E67-283A-4B17-8CDF-42ED77AA3A1C}.Release|Any CPU.Build.0 = Release|Any CPU
		{D3CA89D5-6812-4F3F-AC0A-B448493376B1}.Debug|Any CPU.ActiveCfg = Debug|Any CPU
		{D3CA89D5-6812-4F3F-AC0A-B448493376B1}.Debug|Any CPU.Build.0 = Debug|Any CPU
		{D3CA89D5-6812-4F3F-AC0A-B448493376B1}.Release|Any CPU.ActiveCfg = Release|Any CPU
		{D3CA89D5-6812-4F3F-AC0A-B448493376B1}.Release|Any CPU.Build.0 = Release|Any CPU
		{72BC9BD1-B4FF-4CC2-A0EA-25C7DECC5086}.Debug|Any CPU.ActiveCfg = Debug|Any CPU
		{72BC9BD1-B4FF-4CC2-A0EA-25C7DECC5086}.Debug|Any CPU.Build.0 = Debug|Any CPU
		{72BC9BD1-B4FF-4CC2-A0EA-25C7DECC5086}.Release|Any CPU.ActiveCfg = Release|Any CPU
		{72BC9BD1-B4FF-4CC2-A0EA-25C7DECC5086}.Release|Any CPU.Build.0 = Release|Any CPU
		{7F722D45-937B-4901-A730-851BEE2605D4}.Debug|Any CPU.ActiveCfg = Debug|Any CPU
		{7F722D45-937B-4901-A730-851BEE2605D4}.Debug|Any CPU.Build.0 = Debug|Any CPU
		{7F722D45-937B-4901-A730-851BEE2605D4}.Release|Any CPU.ActiveCfg = Release|Any CPU
		{7F722D45-937B-4901-A730-851BEE2605D4}.Release|Any CPU.Build.0 = Release|Any CPU
	EndGlobalSection
EndGlobal
